
Microsoft Visual Studio Solution File, Format Version 11.00
# Visual Studio 2010
Project("{FAE04EC0-301F-11D3-BF4B-00C04F79EFBC}") = "SınavaCalısmaMetot2", "SınavaCalısmaMetot2\SınavaCalısmaMetot2.csproj", "{BD6DACA8-C8C6-4614-AF39-E38E0450C406}"
EndProject
Global
	GlobalSection(SolutionConfigurationPlatforms) = preSolution
		Debug|x86 = Debug|x86
		Release|x86 = Release|x86
	EndGlobalSection
	GlobalSection(ProjectConfigurationPlatforms) = postSolution
		{BD6DACA8-C8C6-4614-AF39-E38E0450C406}.Debug|x86.ActiveCfg = Debug|x86
		{BD6DACA8-C8C6-4614-AF39-E38E0450C406}.Debug|x86.Build.0 = Debug|x86
		{BD6DACA8-C8C6-4614-AF39-E38E0450C406}.Release|x86.ActiveCfg = Release|x86
		{BD6DACA8-C8C6-4614-AF39-E38E0450C406}.Release|x86.Build.0 = Release|x86
	EndGlobalSection
	GlobalSection(SolutionProperties) = preSolution
		HideSolutionNode = FALSE
	EndGlobalSection
EndGlobal
